
Microsoft Visual Studio Solution File, Format Version 12.00
# Visual Studio 15
VisualStudioVersion = 15.0.27703.2042
MinimumVisualStudioVersion = 10.0.40219.1
Project("{FAE04EC0-301F-11D3-BF4B-00C04F79EFBC}") = "szip", "szip\szip.csproj", "{ADDEE0DC-BA2E-4FF4-8151-FE96255A7053}"
EndProject
Global
	GlobalSection(SolutionConfigurationPlatforms) = preSolution
		Debug|Any CPU = Debug|Any CPU
		Release|Any CPU = Release|Any CPU
	EndGlobalSection
	GlobalSection(ProjectConfigurationPlatforms) = postSolution
		{ADDEE0DC-BA2E-4FF4-8151-FE96255A7053}.Debug|Any CPU.ActiveCfg = Debug|Any CPU
		{ADDEE0DC-BA2E-4FF4-8151-FE96255A7053}.Debug|Any CPU.Build.0 = Debug|Any CPU
		{ADDEE0DC-BA2E-4FF4-8151-FE96255A7053}.Release|Any CPU.ActiveCfg = Release|Any CPU
		{ADDEE0DC-BA2E-4FF4-8151-FE96255A7053}.Release|Any CPU.Build.0 = Release|Any CPU
	EndGlobalSection
	GlobalSection(SolutionProperties) = preSolution
		HideSolutionNode = FALSE
	EndGlobalSection
	GlobalSection(ExtensibilityGlobals) = postSolution
		SolutionGuid = {D8D65154-9191-439E-9C55-FB59AFD0DA8B}
	EndGlobalSection
EndGlobal
