
Microsoft Visual Studio Solution File, Format Version 12.00
# Visual Studio Version 17
VisualStudioVersion = 17.0.31410.414
MinimumVisualStudioVersion = 10.0.40219.1
Project("{9A19103F-16F7-4668-BE54-9A1E7A4F7556}") = "Jellyfin.Plugin.MyMetadata", "Jellyfin.Plugin.MyMetadata\Jellyfin.Plugin.MyMetadata.csproj", "{A69558E7-1601-42ED-9BEF-3CC4E4D61356}"
EndProject
Project("{9A19103F-16F7-4668-BE54-9A1E7A4F7556}") = "Jellyfin.Plugin.Douban.Tests", "Jellyfin.Plugin.MyMetadata.Tests\Jellyfin.Plugin.Douban.Tests.csproj", "{41B9D8E4-DB64-4E31-B9FC-31F806EACA88}"
EndProject
Global
	GlobalSection(SolutionConfigurationPlatforms) = preSolution
		Debug|Any CPU = Debug|Any CPU
		Release|Any CPU = Release|Any CPU
	EndGlobalSection
	GlobalSection(ProjectConfigurationPlatforms) = postSolution
		{A69558E7-1601-42ED-9BEF-3CC4E4D61356}.Debug|Any CPU.ActiveCfg = Debug|Any CPU
		{A69558E7-1601-42ED-9BEF-3CC4E4D61356}.Debug|Any CPU.Build.0 = Debug|Any CPU
		{A69558E7-1601-42ED-9BEF-3CC4E4D61356}.Release|Any CPU.ActiveCfg = Release|Any CPU
		{A69558E7-1601-42ED-9BEF-3CC4E4D61356}.Release|Any CPU.Build.0 = Release|Any CPU
		{41B9D8E4-DB64-4E31-B9FC-31F806EACA88}.Debug|Any CPU.ActiveCfg = Debug|Any CPU
		{41B9D8E4-DB64-4E31-B9FC-31F806EACA88}.Debug|Any CPU.Build.0 = Debug|Any CPU
		{41B9D8E4-DB64-4E31-B9FC-31F806EACA88}.Release|Any CPU.ActiveCfg = Release|Any CPU
		{41B9D8E4-DB64-4E31-B9FC-31F806EACA88}.Release|Any CPU.Build.0 = Release|Any CPU
	EndGlobalSection
	GlobalSection(SolutionProperties) = preSolution
		HideSolutionNode = FALSE
	EndGlobalSection
	GlobalSection(ExtensibilityGlobals) = postSolution
		SolutionGuid = {ED5E65A2-571D-493D-8110-D80D5A52C25F}
	EndGlobalSection
EndGlobal
